
Microsoft Visual Studio Solution File, Format Version 12.00
# Visual Studio Version 16
VisualStudioVersion = 16.0.34114.132
MinimumVisualStudioVersion = 10.0.40219.1
Project("{FAE04EC0-301F-11D3-BF4B-00C04F79EFBC}") = "samplewidowsapplication", "samplewidowsapplication\samplewidowsapplication.csproj", "{7B0A8FBF-E0EB-433E-A2A4-81E93C470C9C}"
EndProject
Global
	GlobalSection(SolutionConfigurationPlatforms) = preSolution
		Debug|Any CPU = Debug|Any CPU
		Release|Any CPU = Release|Any CPU
	EndGlobalSection
	GlobalSection(ProjectConfigurationPlatforms) = postSolution
		{7B0A8FBF-E0EB-433E-A2A4-81E93C470C9C}.Debug|Any CPU.ActiveCfg = Debug|Any CPU
		{7B0A8FBF-E0EB-433E-A2A4-81E93C470C9C}.Debug|Any CPU.Build.0 = Debug|Any CPU
		{7B0A8FBF-E0EB-433E-A2A4-81E93C470C9C}.Release|Any CPU.ActiveCfg = Release|Any CPU
		{7B0A8FBF-E0EB-433E-A2A4-81E93C470C9C}.Release|Any CPU.Build.0 = Release|Any CPU
	EndGlobalSection
	GlobalSection(SolutionProperties) = preSolution
		HideSolutionNode = FALSE
	EndGlobalSection
	GlobalSection(ExtensibilityGlobals) = postSolution
		SolutionGuid = {B745DFCB-7DF8-4114-8015-566E48CF3014}
	EndGlobalSection
EndGlobal
